
Microsoft Visual Studio Solution File, Format Version 12.00
# Visual Studio Version 17
VisualStudioVersion = 17.13.35913.81 d17.13
MinimumVisualStudioVersion = 10.0.40219.1
Project("{FAE04EC0-301F-11D3-BF4B-00C04F79EFBC}") = "TicketingSample", "TicketingSample\TicketingSample.csproj", "{B13378EB-35DD-4E75-8C7A-0A01F4EC95ED}"
EndProject
Project("{FAE04EC0-301F-11D3-BF4B-00C04F79EFBC}") = "TicketingSample.UnitTests", "TickettingSample.UnitTests\TicketingSample.UnitTests.csproj", "{ED5B7BB9-4370-4471-9CAB-042B27C783C2}"
EndProject
Global
	GlobalSection(SolutionConfigurationPlatforms) = preSolution
		Debug|Any CPU = Debug|Any CPU
		Release|Any CPU = Release|Any CPU
	EndGlobalSection
	GlobalSection(ProjectConfigurationPlatforms) = postSolution
		{B13378EB-35DD-4E75-8C7A-0A01F4EC95ED}.Debug|Any CPU.ActiveCfg = Debug|Any CPU
		{B13378EB-35DD-4E75-8C7A-0A01F4EC95ED}.Debug|Any CPU.Build.0 = Debug|Any CPU
		{B13378EB-35DD-4E75-8C7A-0A01F4EC95ED}.Release|Any CPU.ActiveCfg = Release|Any CPU
		{B13378EB-35DD-4E75-8C7A-0A01F4EC95ED}.Release|Any CPU.Build.0 = Release|Any CPU
		{ED5B7BB9-4370-4471-9CAB-042B27C783C2}.Debug|Any CPU.ActiveCfg = Debug|Any CPU
		{ED5B7BB9-4370-4471-9CAB-042B27C783C2}.Debug|Any CPU.Build.0 = Debug|Any CPU
		{ED5B7BB9-4370-4471-9CAB-042B27C783C2}.Release|Any CPU.ActiveCfg = Release|Any CPU
		{ED5B7BB9-4370-4471-9CAB-042B27C783C2}.Release|Any CPU.Build.0 = Release|Any CPU
	EndGlobalSection
	GlobalSection(SolutionProperties) = preSolution
		HideSolutionNode = FALSE
	EndGlobalSection
	GlobalSection(ExtensibilityGlobals) = postSolution
		SolutionGuid = {9636273A-5384-4C52-9F82-04C2FCC5A8D5}
	EndGlobalSection
EndGlobal
